
Microsoft Visual Studio Solution File, Format Version 12.00
# Visual Studio Version 17
VisualStudioVersion = 17.14.36518.9
MinimumVisualStudioVersion = 10.0.40219.1
Project("{FAE04EC0-301F-11D3-BF4B-00C04F79EFBC}") = "QuickInventoryTill", "PointofSale\QuickInventoryTill.csproj", "{E6EDAB9C-3163-A93E-422A-393C472BB329}"
EndProject
Global
	GlobalSection(SolutionConfigurationPlatforms) = preSolution
		Debug|Any CPU = Debug|Any CPU
		Release|Any CPU = Release|Any CPU
	EndGlobalSection
	GlobalSection(ProjectConfigurationPlatforms) = postSolution
		{E6EDAB9C-3163-A93E-422A-393C472BB329}.Debug|Any CPU.ActiveCfg = Debug|Any CPU
		{E6EDAB9C-3163-A93E-422A-393C472BB329}.Debug|Any CPU.Build.0 = Debug|Any CPU
		{E6EDAB9C-3163-A93E-422A-393C472BB329}.Release|Any CPU.ActiveCfg = Release|Any CPU
		{E6EDAB9C-3163-A93E-422A-393C472BB329}.Release|Any CPU.Build.0 = Release|Any CPU
	EndGlobalSection
	GlobalSection(SolutionProperties) = preSolution
		HideSolutionNode = FALSE
	EndGlobalSection
	GlobalSection(ExtensibilityGlobals) = postSolution
		SolutionGuid = {11BA0B2C-7F47-4BF2-B979-FAF32A3A3784}
	EndGlobalSection
EndGlobal
